// !$*UTF8*$!
{
	archiveVersion = 1;
	classes = {
	};
	objectVersion = 55;
	objects = {

/* Begin PBXBuildFile section */
		AB82BCE527EC7A44008BB319 /* CloudKitTestingApp.swift in Sources */ = {isa = PBXBuildFile; fileRef = AB82BCE427EC7A44008BB319 /* CloudKitTestingApp.swift */; };
		AB82BCE727EC7A44008BB319 /* ContentView.swift in Sources */ = {isa = PBXBuildFile; fileRef = AB82BCE627EC7A44008BB319 /* ContentView.swift */; };
		AB82BCE927EC7A46008BB319 /* Assets.xcassets in Resources */ = {isa = PBXBuildFile; fileRef = AB82BCE827EC7A46008BB319 /* Assets.xcassets */; };
		AB82BCEC27EC7A46008BB319 /* Preview Assets.xcassets in Resources */ = {isa = PBXBuildFile; fileRef = AB82BCEB27EC7A46008BB319 /* Preview Assets.xcassets */; };
		AB82BCF527EC7A90008BB319 /* CloudKit.framework in Frameworks */ = {isa = PBXBuildFile; fileRef = AB82BCF427EC7A90008BB319 /* CloudKit.framework */; };
		AB82BCF827EC7C1E008BB319 /* CloudkitUser.swift in Sources */ = {isa = PBXBuildFile; fileRef = AB82BCF727EC7C1E008BB319 /* CloudkitUser.swift */; };
		ABCAA21827EDDB9200F6BCED /* CloudKitCRUD.swift in Sources */ = {isa = PBXBuildFile; fileRef = ABCAA21727EDDB9200F6BCED /* CloudKitCRUD.swift */; };
/* End PBXBuildFile section */

/* Begin PBXFileReference section */
		AB82BCE127EC7A44008BB319 /* CloudKitTesting.app */ = {isa = PBXFileReference; explicitFileType = wrapper.application; includeInIndex = 0; path = CloudKitTesting.app; sourceTree = BUILT_PRODUCTS_DIR; };
		AB82BCE427EC7A44008BB319 /* CloudKitTestingApp.swift */ = {isa = PBXFileReference; lastKnownFileType = sourcecode.swift; path = CloudKitTestingApp.swift; sourceTree = "<group>"; };
		AB82BCE627EC7A44008BB319 /* ContentView.swift */ = {isa = PBXFileReference; lastKnownFileType = sourcecode.swift; path = ContentView.swift; sourceTree = "<group>"; };
		AB82BCE827EC7A46008BB319 /* Assets.xcassets */ = {isa = PBXFileReference; lastKnownFileType = folder.assetcatalog; path = Assets.xcassets; sourceTree = "<group>"; };
		AB82BCEB27EC7A46008BB319 /* Preview Assets.xcassets */ = {isa = PBXFileReference; lastKnownFileType = folder.assetcatalog; path = "Preview Assets.xcassets"; sourceTree = "<group>"; };
		AB82BCF227EC7A62008BB319 /* CloudKitTesting.entitlements */ = {isa = PBXFileReference; lastKnownFileType = text.plist.entitlements; path = CloudKitTesting.entitlements; sourceTree = "<group>"; };
		AB82BCF427EC7A90008BB319 /* CloudKit.framework */ = {isa = PBXFileReference; lastKnownFileType = wrapper.framework; name = CloudKit.framework; path = System/Library/Frameworks/CloudKit.framework; sourceTree = SDKROOT; };
		AB82BCF727EC7C1E008BB319 /* CloudkitUser.swift */ = {isa = PBXFileReference; lastKnownFileType = sourcecode.swift; path = CloudkitUser.swift; sourceTree = "<group>"; };
		ABCAA21727EDDB9200F6BCED /* CloudKitCRUD.swift */ = {isa = PBXFileReference; lastKnownFileType = sourcecode.swift; path = CloudKitCRUD.swift; sourceTree = "<group>"; };
/* End PBXFileReference section */

/* Begin PBXFrameworksBuildPhase section */
		AB82BCDE27EC7A44008BB319 /* Frameworks */ = {
			isa = PBXFrameworksBuildPhase;
			buildActionMask = 2147483647;
			files = (
				AB82BCF527EC7A90008BB319 /* CloudKit.framework in Frameworks */,
			);
			runOnlyForDeploymentPostprocessing = 0;
		};
/* End PBXFrameworksBuildPhase section */

/* Begin PBXGroup section */
		AB82BCD827EC7A44008BB319 = {
			isa = PBXGroup;
			children = (
				AB82BCE327EC7A44008BB319 /* CloudKitTesting */,
				AB82BCE227EC7A44008BB319 /* Products */,
				AB82BCF327EC7A90008BB319 /* Frameworks */,
			);
			sourceTree = "<group>";
		};
		AB82BCE227EC7A44008BB319 /* Products */ = {
			isa = PBXGroup;
			children = (
				AB82BCE127EC7A44008BB319 /* CloudKitTesting.app */,
			);
			name = Products;
			sourceTree = "<group>";
		};
		AB82BCE327EC7A44008BB319 /* CloudKitTesting */ = {
			isa = PBXGroup;
			children = (
				AB82BCF627EC7C0C008BB319 /* Cloudkit */,
				AB82BCF227EC7A62008BB319 /* CloudKitTesting.entitlements */,
				AB82BCE427EC7A44008BB319 /* CloudKitTestingApp.swift */,
				AB82BCE627EC7A44008BB319 /* ContentView.swift */,
				AB82BCE827EC7A46008BB319 /* Assets.xcassets */,
				AB82BCEA27EC7A46008BB319 /* Preview Content */,
			);
			path = CloudKitTesting;
			sourceTree = "<group>";
		};
		AB82BCEA27EC7A46008BB319 /* Preview Content */ = {
			isa = PBXGroup;
			children = (
				AB82BCEB27EC7A46008BB319 /* Preview Assets.xcassets */,
			);
			path = "Preview Content";
			sourceTree = "<group>";
		};
		AB82BCF327EC7A90008BB319 /* Frameworks */ = {
			isa = PBXGroup;
			children = (
				AB82BCF427EC7A90008BB319 /* CloudKit.framework */,
			);
			name = Frameworks;
			sourceTree = "<group>";
		};
		AB82BCF627EC7C0C008BB319 /* Cloudkit */ = {
			isa = PBXGroup;
			children = (
				AB82BCF727EC7C1E008BB319 /* CloudkitUser.swift */,
				ABCAA21727EDDB9200F6BCED /* CloudKitCRUD.swift */,
			);
			path = Cloudkit;
			sourceTree = "<group>";
		};
/* End PBXGroup section */

/* Begin PBXNativeTarget section */
		AB82BCE027EC7A44008BB319 /* CloudKitTesting */ = {
			isa = PBXNativeTarget;
			buildConfigurationList = AB82BCEF27EC7A46008BB319 /* Build configuration list for PBXNativeTarget "CloudKitTesting" */;
			buildPhases = (
				AB82BCDD27EC7A44008BB319 /* Sources */,
				AB82BCDE27EC7A44008BB319 /* Frameworks */,
				AB82BCDF27EC7A44008BB319 /* Resources */,
			);
			buildRules = (
			);
			dependencies = (
			);
			name = CloudKitTesting;
			productName = CloudKitTesting;
			productReference = AB82BCE127EC7A44008BB319 /* CloudKitTesting.app */;
			productType = "com.apple.product-type.application";
		};
/* End PBXNativeTarget section */

/* Begin PBXProject section */
		AB82BCD927EC7A44008BB319 /* Project object */ = {
			isa = PBXProject;
			attributes = {
				BuildIndependentTargetsInParallel = 1;
				LastSwiftUpdateCheck = 1320;
				LastUpgradeCheck = 1320;
				TargetAttributes = {
					AB82BCE027EC7A44008BB319 = {
						CreatedOnToolsVersion = 13.2.1;
					};
				};
			};
			buildConfigurationList = AB82BCDC27EC7A44008BB319 /* Build configuration list for PBXProject "CloudKitTesting" */;
			compatibilityVersion = "Xcode 13.0";
			developmentRegion = en;
			hasScannedForEncodings = 0;
			knownRegions = (
				en,
				Base,
			);
			mainGroup = AB82BCD827EC7A44008BB319;
			productRefGroup = AB82BCE227EC7A44008BB319 /* Products */;
			projectDirPath = "";
			projectRoot = "";
			targets = (
				AB82BCE027EC7A44008BB319 /* CloudKitTesting */,
			);
		};
/* End PBXProject section */

/* Begin PBXResourcesBuildPhase section */
		AB82BCDF27EC7A44008BB319 /* Resources */ = {
			isa = PBXResourcesBuildPhase;
			buildActionMask = 2147483647;
			files = (
				AB82BCEC27EC7A46008BB319 /* Preview Assets.xcassets in Resources */,
				AB82BCE927EC7A46008BB319 /* Assets.xcassets in Resources */,
			);
			runOnlyForDeploymentPostprocessing = 0;
		};
/* End PBXResourcesBuildPhase section */

/* Begin PBXSourcesBuildPhase section */
		AB82BCDD27EC7A44008BB319 /* Sources */ = {
			isa = PBXSourcesBuildPhase;
			buildActionMask = 2147483647;
			files = (
				AB82BCF827EC7C1E008BB319 /* CloudkitUser.swift in Sources */,
				AB82BCE727EC7A44008BB319 /* ContentView.swift in Sources */,
				ABCAA21827EDDB9200F6BCED /* CloudKitCRUD.swift in Sources */,
				AB82BCE527EC7A44008BB319 /* CloudKitTestingApp.swift in Sources */,
			);
			runOnlyForDeploymentPostprocessing = 0;
		};
/* End PBXSourcesBuildPhase section */

/* Begin XCBuildConfiguration section */
		AB82BCED27EC7A46008BB319 /* Debug */ = {
			isa = XCBuildConfiguration;
			buildSettings = {
				ALWAYS_SEARCH_USER_PATHS = NO;
				CLANG_ANALYZER_NONNULL = YES;
				CLANG_ANALYZER_NUMBER_OBJECT_CONVERSION = YES_AGGRESSIVE;
				CLANG_CXX_LANGUAGE_STANDARD = "gnu++17";
				CLANG_CXX_LIBRARY = "libc++";
				CLANG_ENABLE_MODULES = YES;
				CLANG_ENABLE_OBJC_ARC = YES;
				CLANG_ENABLE_OBJC_WEAK = YES;
				CLANG_WARN_BLOCK_CAPTURE_AUTORELEASING = YES;
				CLANG_WARN_BOOL_CONVERSION = YES;
				CLANG_WARN_COMMA = YES;
				CLANG_WARN_CONSTANT_CONVERSION = YES;
				CLANG_WARN_DEPRECATED_OBJC_IMPLEMENTATIONS = YES;
				CLANG_WARN_DIRECT_OBJC_ISA_USAGE = YES_ERROR;
				CLANG_WARN_DOCUMENTATION_COMMENTS = YES;
				CLANG_WARN_EMPTY_BODY = YES;
				CLANG_WARN_ENUM_CONVERSION = YES;
				CLANG_WARN_INFINITE_RECURSION = YES;
				CLANG_WARN_INT_CONVERSION = YES;
				CLANG_WARN_NON_LITERAL_NULL_CONVERSION = YES;
				CLANG_WARN_OBJC_IMPLICIT_RETAIN_SELF = YES;
				CLANG_WARN_OBJC_LITERAL_CONVERSION = YES;
				CLANG_WARN_OBJC_ROOT_CLASS = YES_ERROR;
				CLANG_WARN_QUOTED_INCLUDE_IN_FRAMEWORK_HEADER = YES;
				CLANG_WARN_RANGE_LOOP_ANALYSIS = YES;
				CLANG_WARN_STRICT_PROTOTYPES = YES;
				CLANG_WARN_SUSPICIOUS_MOVE = YES;
				CLANG_WARN_UNGUARDED_AVAILABILITY = YES_AGGRESSIVE;
				CLANG_WARN_UNREACHABLE_CODE = YES;
				CLANG_WARN__DUPLICATE_METHOD_MATCH = YES;
				COPY_PHASE_STRIP = NO;
				DEBUG_INFORMATION_FORMAT = dwarf;
				ENABLE_STRICT_OBJC_MSGSEND = YES;
				ENABLE_TESTABILITY = YES;
				GCC_C_LANGUAGE_STANDARD = gnu11;
				GCC_DYNAMIC_NO_PIC = NO;
				GCC_NO_COMMON_BLOCKS = YES;
				GCC_OPTIMIZATION_LEVEL = 0;
				GCC_PREPROCESSOR_DEFINITIONS = (
					"DEBUG=1",
					"$(inherited)",
				);
				GCC_WARN_64_TO_32_BIT_CONVERSION = YES;
				GCC_WARN_ABOUT_RETURN_TYPE = YES_ERROR;
				GCC_WARN_UNDECLARED_SELECTOR = YES;
				GCC_WARN_UNINITIALIZED_AUTOS = YES_AGGRESSIVE;
				GCC_WARN_UNUSED_FUNCTION = YES;
				GCC_WARN_UNUSED_VARIABLE = YES;
				IPHONEOS_DEPLOYMENT_TARGET = 15.2;
				MTL_ENABLE_DEBUG_INFO = INCLUDE_SOURCE;
				MTL_FAST_MATH = YES;
				ONLY_ACTIVE_ARCH = YES;
				SDKROOT = iphoneos;
				SWIFT_ACTIVE_COMPILATION_CONDITIONS = DEBUG;
				SWIFT_OPTIMIZATION_LEVEL = "-Onone";
			};
			name = Debug;
		};
		AB82BCEE27EC7A46008BB319 /* Release */ = {
			isa = XCBuildConfiguration;
			buildSettings = {
				ALWAYS_SEARCH_USER_PATHS = NO;
				CLANG_ANALYZER_NONNULL = YES;
				CLANG_ANALYZER_NUMBER_OBJECT_CONVERSION = YES_AGGRESSIVE;
				CLANG_CXX_LANGUAGE_STANDARD = "gnu++17";
				CLANG_CXX_LIBRARY = "libc++";
				CLANG_ENABLE_MODULES = YES;
				CLANG_ENABLE_OBJC_ARC = YES;
				CLANG_ENABLE_OBJC_WEAK = YES;
				CLANG_WARN_BLOCK_CAPTURE_AUTORELEASING = YES;
				CLANG_WARN_BOOL_CONVERSION = YES;
				CLANG_WARN_COMMA = YES;
				CLANG_WARN_CONSTANT_CONVERSION = YES;
				CLANG_WARN_DEPRECATED_OBJC_IMPLEMENTATIONS = YES;
				CLANG_WARN_DIRECT_OBJC_ISA_USAGE = YES_ERROR;
				CLANG_WARN_DOCUMENTATION_COMMENTS = YES;
				CLANG_WARN_EMPTY_BODY = YES;
				CLANG_WARN_ENUM_CONVERSION = YES;
				CLANG_WARN_INFINITE_RECURSION = YES;
				CLANG_WARN_INT_CONVERSION = YES;
				CLANG_WARN_NON_LITERAL_NULL_CONVERSION = YES;
				CLANG_WARN_OBJC_IMPLICIT_RETAIN_SELF = YES;
				CLANG_WARN_OBJC_LITERAL_CONVERSION = YES;
				CLANG_WARN_OBJC_ROOT_CLASS = YES_ERROR;
				CLANG_WARN_QUOTED_INCLUDE_IN_FRAMEWORK_HEADER = YES;
				CLANG_WARN_RANGE_LOOP_ANALYSIS = YES;
				CLANG_WARN_STRICT_PROTOTYPES = YES;
				CLANG_WARN_SUSPICIOUS_MOVE = YES;
				CLANG_WARN_UNGUARDED_AVAILABILITY = YES_AGGRESSIVE;
				CLANG_WARN_UNREACHABLE_CODE = YES;
				CLANG_WARN__DUPLICATE_METHOD_MATCH = YES;
				COPY_PHASE_STRIP = NO;
				DEBUG_INFORMATION_FORMAT = "dwarf-with-dsym";
				ENABLE_NS_ASSERTIONS = NO;
				ENABLE_STRICT_OBJC_MSGSEND = YES;
				GCC_C_LANGUAGE_STANDARD = gnu11;
				GCC_NO_COMMON_BLOCKS = YES;
				GCC_WARN_64_TO_32_BIT_CONVERSION = YES;
				GCC_WARN_ABOUT_RETURN_TYPE = YES_ERROR;
				GCC_WARN_UNDECLARED_SELECTOR = YES;
				GCC_WARN_UNINITIALIZED_AUTOS = YES_AGGRESSIVE;
				GCC_WARN_UNUSED_FUNCTION = YES;
				GCC_WARN_UNUSED_VARIABLE = YES;
				IPHONEOS_DEPLOYMENT_TARGET = 15.2;
				MTL_ENABLE_DEBUG_INFO = NO;
				MTL_FAST_MATH = YES;
				SDKROOT = iphoneos;
				SWIFT_COMPILATION_MODE = wholemodule;
				SWIFT_OPTIMIZATION_LEVEL = "-O";
				VALIDATE_PRODUCT = YES;
			};
			name = Release;
		};
		AB82BCF027EC7A46008BB319 /* Debug */ = {
			isa = XCBuildConfiguration;
			buildSettings = {
				ASSETCATALOG_COMPILER_APPICON_NAME = AppIcon;
				ASSETCATALOG_COMPILER_GLOBAL_ACCENT_COLOR_NAME = AccentColor;
				CODE_SIGN_ENTITLEMENTS = CloudKitTesting/CloudKitTesting.entitlements;
				CODE_SIGN_STYLE = Automatic;
				CURRENT_PROJECT_VERSION = 1;
				DEVELOPMENT_ASSET_PATHS = "\"CloudKitTesting/Preview Content\"";
				DEVELOPMENT_TEAM = QN87FRUFS2;
				ENABLE_PREVIEWS = YES;
				GENERATE_INFOPLIST_FILE = YES;
				INFOPLIST_KEY_UIApplicationSceneManifest_Generation = YES;
				INFOPLIST_KEY_UIApplicationSupportsIndirectInputEvents = YES;
				INFOPLIST_KEY_UILaunchScreen_Generation = YES;
				INFOPLIST_KEY_UISupportedInterfaceOrientations_iPad = "UIInterfaceOrientationPortrait UIInterfaceOrientationPortraitUpsideDown UIInterfaceOrientationLandscapeLeft UIInterfaceOrientationLandscapeRight";
				INFOPLIST_KEY_UISupportedInterfaceOrientations_iPhone = "UIInterfaceOrientationPortrait UIInterfaceOrientationLandscapeLeft UIInterfaceOrientationLandscapeRight";
				LD_RUNPATH_SEARCH_PATHS = (
					"$(inherited)",
					"@executable_path/Frameworks",
				);
				MARKETING_VERSION = 1.0;
				PRODUCT_BUNDLE_IDENTIFIER = XDI.CloudKitTesting;
				PRODUCT_NAME = "$(TARGET_NAME)";
				SWIFT_EMIT_LOC_STRINGS = YES;
				SWIFT_VERSION = 5.0;
				TARGETED_DEVICE_FAMILY = "1,2";
			};
			name = Debug;
		};
		AB82BCF127EC7A46008BB319 /* Release */ = {
			isa = XCBuildConfiguration;
			buildSettings = {
				ASSETCATALOG_COMPILER_APPICON_NAME = AppIcon;
				ASSETCATALOG_COMPILER_GLOBAL_ACCENT_COLOR_NAME = AccentColor;
				CODE_SIGN_ENTITLEMENTS = CloudKitTesting/CloudKitTesting.entitlements;
				CODE_SIGN_STYLE = Automatic;
				CURRENT_PROJECT_VERSION = 1;
				DEVELOPMENT_ASSET_PATHS = "\"CloudKitTesting/Preview Content\"";
				DEVELOPMENT_TEAM = QN87FRUFS2;
				ENABLE_PREVIEWS = YES;
				GENERATE_INFOPLIST_FILE = YES;
				INFOPLIST_KEY_UIApplicationSceneManifest_Generation = YES;
				INFOPLIST_KEY_UIApplicationSupportsIndirectInputEvents = YES;
				INFOPLIST_KEY_UILaunchScreen_Generation = YES;
				INFOPLIST_KEY_UISupportedInterfaceOrientations_iPad = "UIInterfaceOrientationPortrait UIInterfaceOrientationPortraitUpsideDown UIInterfaceOrientationLandscapeLeft UIInterfaceOrientationLandscapeRight";
				INFOPLIST_KEY_UISupportedInterfaceOrientations_iPhone = "UIInterfaceOrientationPortrait UIInterfaceOrientationLandscapeLeft UIInterfaceOrientationLandscapeRight";
				LD_RUNPATH_SEARCH_PATHS = (
					"$(inherited)",
					"@executable_path/Frameworks",
				);
				MARKETING_VERSION = 1.0;
				PRODUCT_BUNDLE_IDENTIFIER = XDI.CloudKitTesting;
				PRODUCT_NAME = "$(TARGET_NAME)";
				SWIFT_EMIT_LOC_STRINGS = YES;
				SWIFT_VERSION = 5.0;
				TARGETED_DEVICE_FAMILY = "1,2";
			};
			name = Release;
		};
/* End XCBuildConfiguration section */

/* Begin XCConfigurationList section */
		AB82BCDC27EC7A44008BB319 /* Build configuration list for PBXProject "CloudKitTesting" */ = {
			isa = XCConfigurationList;
			buildConfigurations = (
				AB82BCED27EC7A46008BB319 /* Debug */,
				AB82BCEE27EC7A46008BB319 /* Release */,
			);
			defaultConfigurationIsVisible = 0;
			defaultConfigurationName = Release;
		};
		AB82BCEF27EC7A46008BB319 /* Build configuration list for PBXNativeTarget "CloudKitTesting" */ = {
			isa = XCConfigurationList;
			buildConfigurations = (
				AB82BCF027EC7A46008BB319 /* Debug */,
				AB82BCF127EC7A46008BB319 /* Release */,
			);
			defaultConfigurationIsVisible = 0;
			defaultConfigurationName = Release;
		};
/* End XCConfigurationList section */
	};
	rootObject = AB82BCD927EC7A44008BB319 /* Project object */;
}
